
Microsoft Visual Studio Solution File, Format Version 12.00
# Visual Studio 15
VisualStudioVersion = 15.0.28307.779
MinimumVisualStudioVersion = 10.0.40219.1
Project("{FAE04EC0-301F-11D3-BF4B-00C04F79EFBC}") = "LabText", "LabText\LabText.csproj", "{5271196D-C937-4597-BC13-28D3F3EFB862}"
EndProject
Global
	GlobalSection(SolutionConfigurationPlatforms) = preSolution
		Debug|Any CPU = Debug|Any CPU
		Release|Any CPU = Release|Any CPU
	EndGlobalSection
	GlobalSection(ProjectConfigurationPlatforms) = postSolution
		{5271196D-C937-4597-BC13-28D3F3EFB862}.Debug|Any CPU.ActiveCfg = Debug|Any CPU
		{5271196D-C937-4597-BC13-28D3F3EFB862}.Debug|Any CPU.Build.0 = Debug|Any CPU
		{5271196D-C937-4597-BC13-28D3F3EFB862}.Release|Any CPU.ActiveCfg = Release|Any CPU
		{5271196D-C937-4597-BC13-28D3F3EFB862}.Release|Any CPU.Build.0 = Release|Any CPU
	EndGlobalSection
	GlobalSection(SolutionProperties) = preSolution
		HideSolutionNode = FALSE
	EndGlobalSection
	GlobalSection(ExtensibilityGlobals) = postSolution
		SolutionGuid = {792767B2-5C8B-4A48-BFB4-90E497AE8E5C}
	EndGlobalSection
EndGlobal
